lockfileVersion: '9.0'

settings:
  autoInstallPeers: true
  excludeLinksFromLockfile: false

importers:

  .:
    dependencies:
      '@okeyamy/drs-sdk':
        specifier: latest
        version: 0.1.0

packages:

  '@noble/ed25519@2.3.0':
    resolution: {integrity: sha512-M7dvXL2B92/M7dw9+gzuydL8qn/jiqNHaoR3Q+cb1q1GHV7uwE17WCyFMG+Y+TZb5izcaXk5TdJRrDUxHXL78A==}

  '@noble/hashes@1.8.0':
    resolution: {integrity: sha512-jCs9ldd7NwzpgXDIf6P3+NrHh9/sD6CQdxHyjQI+h/6rDNo88ypBxxz45UDuZHz9r3tNz7N/VInSVoVdtXEI4A==}
    engines: {node: ^14.21.3 || >=16}

  '@okeyamy/drs-sdk@0.1.0':
    resolution: {integrity: sha512-Rr7OGpLkB6sgbhJCBB1aSOqIGlPlZmhthWi67LvZatFa6ZccW200c9drBsibX4D5SYiQaIdfkUTKZBv+jyH94Q==}
    engines: {node: '>=20.0.0'}
    hasBin: true

  jose@5.10.0:
    resolution: {integrity: sha512-s+3Al/p9g32Iq+oqXxkW//7jk2Vig6FF1CFqzVXoTUXt2qz89YWbL+OwS17NFYEvxC35n0FKeGO2LGYSxeM2Gg==}

  multiformats@13.4.2:
    resolution: {integrity: sha512-eh6eHCrRi1+POZ3dA+Dq1C6jhP1GNtr9CRINMb67OKzqW9I5DUuZM/3jLPlzhgpGeiNUlEGEbkCYChXMCc/8DQ==}

  uint8arrays@5.1.1:
    resolution: {integrity: sha512-9muQwa4wZG4dKi9gMAIBtnk2Pw87SRpvWTH6lOGm19V2Uqxr4uomUf2PGqPnWc+qs06sN8owUU4jfcoWOcfwVQ==}

snapshots:

  '@noble/ed25519@2.3.0': {}

  '@noble/hashes@1.8.0': {}

  '@okeyamy/drs-sdk@0.1.0':
    dependencies:
      '@noble/ed25519': 2.3.0
      '@noble/hashes': 1.8.0
      jose: 5.10.0
      uint8arrays: 5.1.1

  jose@5.10.0: {}

  multiformats@13.4.2: {}

  uint8arrays@5.1.1:
    dependencies:
      multiformats: 13.4.2
